{
  "name": "doctor-appointment",
  "lockfileVersion": 3,
  "requires": true,
  "packages": {
    "": {
      "dependencies": {
        "postcss-apply": "^0.12.0"
      }
    },
    "node_modules/balanced-match": {
      "version": "1.0.2",
      "resolved": "https://registry.npmjs.org/balanced-match/-/balanced-match-1.0.2.tgz",
      "integrity": "sha512-3oSeUO0TMV67hN1AmbXsK4yaqU7tjiHlbxRDZOpH0KW9+CeX4bRAaX0Anxt0tx2MrpRpWwQaPwIlISEJhYU5Pw==",
      "license": "MIT"
    },
    "node_modules/picocolors": {
      "version": "0.2.1",
      "resolved": "https://registry.npmjs.org/picocolors/-/picocolors-0.2.1.tgz",
      "integrity": "sha512-cMlDqaLEqfSaW8Z7N5Jw+lyIW869EzT73/F5lhtY9cLGoVxSXznfgfXMO0Z5K0o0Q2TkTXq+0KFsdnSe3jDViA==",
      "license": "ISC"
    },
    "node_modules/postcss": {
      "version": "7.0.39",
      "resolved": "https://registry.npmjs.org/postcss/-/postcss-7.0.39.tgz",
      "integrity": "sha512-yioayjNbHn6z1/Bywyb2Y4s3yvDAeXGOyxqD+LnVOinq6Mdmd++SW2wUNVzavyyHxd6+DxzWGIuosg6P1Rj8uA==",
      "license": "MIT",
      "dependencies": {
        "picocolors": "^0.2.1",
        "source-map": "^0.6.1"
      },
      "engines": {
        "node": ">=6.0.0"
      },
      "funding": {
        "type": "opencollective",
        "url": "https://opencollective.com/postcss/"
      }
    },
    "node_modules/postcss-apply": {
      "version": "0.12.0",
      "resolved": "https://registry.npmjs.org/postcss-apply/-/postcss-apply-0.12.0.tgz",
      "integrity": "sha512-u8qZLyA9P86cD08IhqjSVV8tf1eGiKQ4fPvjcG3Ic/eOU65EAkDQClp8We7d15TG+RIWRVPSy9v7cJ2D9OReqw==",
      "license": "Unlicense",
      "dependencies": {
        "balanced-match": "^1.0.0",
        "postcss": "^7.0.14"
      }
    },
    "node_modules/source-map": {
      "version": "0.6.1",
      "resolved": "https://registry.npmjs.org/source-map/-/source-map-0.6.1.tgz",
      "integrity": "sha512-UjgapumWlbMhkBgzT7Ykc5YXUT46F0iKu8SGXq0bcwP5dz/h0Plj6enJqjz1Zbq2l5WaqYnrVbwWOWMyF3F47g==",
      "license": "BSD-3-Clause",
      "engines": {
        "node": ">=0.10.0"
      }
    }
  }
}
